// !$*UTF8*$!
{
	archiveVersion = 1;
	classes = {
	};
	objectVersion = 46;
	objects = {

/* Begin PBXBuildFile section */
		271D85B91F4EA1B80033C9BC /* AppDelegate.swift in Sources */ = {isa = PBXBuildFile; fileRef = 271D85B81F4EA1B80033C9BC /* AppDelegate.swift */; };
		271D85BB1F4EA1B80033C9BC /* FirstViewController.swift in Sources */ = {isa = PBXBuildFile; fileRef = 271D85BA1F4EA1B80033C9BC /* FirstViewController.swift */; };
		271D85BD1F4EA1B80033C9BC /* SecondViewController.swift in Sources */ = {isa = PBXBuildFile; fileRef = 271D85BC1F4EA1B80033C9BC /* SecondViewController.swift */; };
		271D85C01F4EA1B80033C9BC /* Main.storyboard in Resources */ = {isa = PBXBuildFile; fileRef = 271D85BE1F4EA1B80033C9BC /* Main.storyboard */; };
		271D85C21F4EA1B80033C9BC /* Assets.xcassets in Resources */ = {isa = PBXBuildFile; fileRef = 271D85C11F4EA1B80033C9BC /* Assets.xcassets */; };
		271D85C51F4EA1B80033C9BC /* LaunchScreen.storyboard in Resources */ = {isa = PBXBuildFile; fileRef = 271D85C31F4EA1B80033C9BC /* LaunchScreen.storyboard */; };
		271D85D01F4EA1B80033C9BC /* FoodtopiaTests.swift in Sources */ = {isa = PBXBuildFile; fileRef = 271D85CF1F4EA1B80033C9BC /* FoodtopiaTests.swift */; };
		271D85DB1F4EA1B80033C9BC /* FoodtopiaUITests.swift in Sources */ = {isa = PBXBuildFile; fileRef = 271D85DA1F4EA1B80033C9BC /* FoodtopiaUITests.swift */; };
		271D85E91F4EAA3C0033C9BC /* HomePage.swift in Sources */ = {isa = PBXBuildFile; fileRef = 271D85E81F4EAA3C0033C9BC /* HomePage.swift */; };
		271D85EF1F4EAAAB0033C9BC /* HomePageCell.swift in Sources */ = {isa = PBXBuildFile; fileRef = 271D85EE1F4EAAAB0033C9BC /* HomePageCell.swift */; };
		271D85F11F4EABF80033C9BC /* Extension.swift in Sources */ = {isa = PBXBuildFile; fileRef = 271D85F01F4EABF80033C9BC /* Extension.swift */; };
		27CE09DE1F53FEA100A06081 /* GoogleService-Info.plist in Resources */ = {isa = PBXBuildFile; fileRef = 27CE09DD1F53FEA100A06081 /* GoogleService-Info.plist */; };
		51CB748CA3CD10D10F394278 /* Pods_Foodtopia.framework in Frameworks */ = {isa = PBXBuildFile; fileRef = D9D1F5B2ECEAD1709C9BE60D /* Pods_Foodtopia.framework */; };
		87DF82E8115252D7EFE80398 /* Pods_FoodtopiaTests.framework in Frameworks */ = {isa = PBXBuildFile; fileRef = 16FF08C31CA9E254A950CB2B /* Pods_FoodtopiaTests.framework */; };
		A3C0A05EB18A9488F30B237C /* Pods_FoodtopiaUITests.framework in Frameworks */ = {isa = PBXBuildFile; fileRef = 3594110E41735AFDCAAE0825 /* Pods_FoodtopiaUITests.framework */; };
/* End PBXBuildFile section */

/* Begin PBXContainerItemProxy section */
		271D85CC1F4EA1B80033C9BC /* PBXContainerItemProxy */ = {
			isa = PBXContainerItemProxy;
			containerPortal = 271D85AD1F4EA1B80033C9BC /* Project object */;
			proxyType = 1;
			remoteGlobalIDString = 271D85B41F4EA1B80033C9BC;
			remoteInfo = Foodtopia;
		};
		271D85D71F4EA1B80033C9BC /* PBXContainerItemProxy */ = {
			isa = PBXContainerItemProxy;
			containerPortal = 271D85AD1F4EA1B80033C9BC /* Project object */;
			proxyType = 1;
			remoteGlobalIDString = 271D85B41F4EA1B80033C9BC;
			remoteInfo = Foodtopia;
		};
/* End PBXContainerItemProxy section */

/* Begin PBXFileReference section */
		16FF08C31CA9E254A950CB2B /* Pods_FoodtopiaTests.framework */ = {isa = PBXFileReference; explicitFileType = wrapper.framework; includeInIndex = 0; path = Pods_FoodtopiaTests.framework; sourceTree = BUILT_PRODUCTS_DIR; };
		271D85B51F4EA1B80033C9BC /* Foodtopia.app */ = {isa = PBXFileReference; explicitFileType = wrapper.application; includeInIndex = 0; path = Foodtopia.app; sourceTree = BUILT_PRODUCTS_DIR; };
		271D85B81F4EA1B80033C9BC /* AppDelegate.swift */ = {isa = PBXFileReference; lastKnownFileType = sourcecode.swift; path = AppDelegate.swift; sourceTree = "<group>"; };
		271D85BA1F4EA1B80033C9BC /* FirstViewController.swift */ = {isa = PBXFileReference; lastKnownFileType = sourcecode.swift; path = FirstViewController.swift; sourceTree = "<group>"; };
		271D85BC1F4EA1B80033C9BC /* SecondViewController.swift */ = {isa = PBXFileReference; lastKnownFileType = sourcecode.swift; path = SecondViewController.swift; sourceTree = "<group>"; };
		271D85BF1F4EA1B80033C9BC /* Base */ = {isa = PBXFileReference; lastKnownFileType = file.storyboard; name = Base; path = Base.lproj/Main.storyboard; sourceTree = "<group>"; };
		271D85C11F4EA1B80033C9BC /* Assets.xcassets */ = {isa = PBXFileReference; lastKnownFileType = folder.assetcatalog; path = Assets.xcassets; sourceTree = "<group>"; };
		271D85C41F4EA1B80033C9BC /* Base */ = {isa = PBXFileReference; lastKnownFileType = file.storyboard; name = Base; path = Base.lproj/LaunchScreen.storyboard; sourceTree = "<group>"; };
		271D85C61F4EA1B80033C9BC /* Info.plist */ = {isa = PBXFileReference; lastKnownFileType = text.plist.xml; path = Info.plist; sourceTree = "<group>"; };
		271D85CB1F4EA1B80033C9BC /* FoodtopiaTests.xctest */ = {isa = PBXFileReference; explicitFileType = wrapper.cfbundle; includeInIndex = 0; path = FoodtopiaTests.xctest; sourceTree = BUILT_PRODUCTS_DIR; };
		271D85CF1F4EA1B80033C9BC /* FoodtopiaTests.swift */ = {isa = PBXFileReference; lastKnownFileType = sourcecode.swift; path = FoodtopiaTests.swift; sourceTree = "<group>"; };
		271D85D11F4EA1B80033C9BC /* Info.plist */ = {isa = PBXFileReference; lastKnownFileType = text.plist.xml; path = Info.plist; sourceTree = "<group>"; };
		271D85D61F4EA1B80033C9BC /* FoodtopiaUITests.xctest */ = {isa = PBXFileReference; explicitFileType = wrapper.cfbundle; includeInIndex = 0; path = FoodtopiaUITests.xctest; sourceTree = BUILT_PRODUCTS_DIR; };
		271D85DA1F4EA1B80033C9BC /* FoodtopiaUITests.swift */ = {isa = PBXFileReference; lastKnownFileType = sourcecode.swift; path = FoodtopiaUITests.swift; sourceTree = "<group>"; };
		271D85DC1F4EA1B80033C9BC /* Info.plist */ = {isa = PBXFileReference; lastKnownFileType = text.plist.xml; path = Info.plist; sourceTree = "<group>"; };
		271D85E81F4EAA3C0033C9BC /* HomePage.swift */ = {isa = PBXFileReference; fileEncoding = 4; lastKnownFileType = sourcecode.swift; path = HomePage.swift; sourceTree = "<group>"; };
		271D85EE1F4EAAAB0033C9BC /* HomePageCell.swift */ = {isa = PBXFileReference; fileEncoding = 4; lastKnownFileType = sourcecode.swift; path = HomePageCell.swift; sourceTree = "<group>"; };
		271D85F01F4EABF80033C9BC /* Extension.swift */ = {isa = PBXFileReference; fileEncoding = 4; lastKnownFileType = sourcecode.swift; path = Extension.swift; sourceTree = "<group>"; };
		27CE09DD1F53FEA100A06081 /* GoogleService-Info.plist */ = {isa = PBXFileReference; fileEncoding = 4; lastKnownFileType = text.plist.xml; path = "GoogleService-Info.plist"; sourceTree = SOURCE_ROOT; };
		3594110E41735AFDCAAE0825 /* Pods_FoodtopiaUITests.framework */ = {isa = PBXFileReference; explicitFileType = wrapper.framework; includeInIndex = 0; path = Pods_FoodtopiaUITests.framework; sourceTree = BUILT_PRODUCTS_DIR; };
		7DF1F7BC6D2B1C3BC8503322 /* Pods-FoodtopiaTests.release.xcconfig */ = {isa = PBXFileReference; includeInIndex = 1; lastKnownFileType = text.xcconfig; name = "Pods-FoodtopiaTests.release.xcconfig"; path = "Pods/Target Support Files/Pods-FoodtopiaTests/Pods-FoodtopiaTests.release.xcconfig"; sourceTree = "<group>"; };
		8E32193CE83DB0B179D47A5C /* Pods-Foodtopia.debug.xcconfig */ = {isa = PBXFileReference; includeInIndex = 1; lastKnownFileType = text.xcconfig; name = "Pods-Foodtopia.debug.xcconfig"; path = "Pods/Target Support Files/Pods-Foodtopia/Pods-Foodtopia.debug.xcconfig"; sourceTree = "<group>"; };
		D9D1F5B2ECEAD1709C9BE60D /* Pods_Foodtopia.framework */ = {isa = PBXFileReference; explicitFileType = wrapper.framework; includeInIndex = 0; path = Pods_Foodtopia.framework; sourceTree = BUILT_PRODUCTS_DIR; };
		DBBFED79B7F9AF01B8D83772 /* Pods-FoodtopiaUITests.debug.xcconfig */ = {isa = PBXFileReference; includeInIndex = 1; lastKnownFileType = text.xcconfig; name = "Pods-FoodtopiaUITests.debug.xcconfig"; path = "Pods/Target Support Files/Pods-FoodtopiaUITests/Pods-FoodtopiaUITests.debug.xcconfig"; sourceTree = "<group>"; };
		DFA8592DE3EBDBA70A0CBDC3 /* Pods-Foodtopia.release.xcconfig */ = {isa = PBXFileReference; includeInIndex = 1; lastKnownFileType = text.xcconfig; name = "Pods-Foodtopia.release.xcconfig"; path = "Pods/Target Support Files/Pods-Foodtopia/Pods-Foodtopia.release.xcconfig"; sourceTree = "<group>"; };
		EB487E10F006E21F8527FF33 /* Pods-FoodtopiaUITests.release.xcconfig */ = {isa = PBXFileReference; includeInIndex = 1; lastKnownFileType = text.xcconfig; name = "Pods-FoodtopiaUITests.release.xcconfig"; path = "Pods/Target Support Files/Pods-FoodtopiaUITests/Pods-FoodtopiaUITests.release.xcconfig"; sourceTree = "<group>"; };
		FBF5C372BFBB32CA9D235210 /* Pods-FoodtopiaTests.debug.xcconfig */ = {isa = PBXFileReference; includeInIndex = 1; lastKnownFileType = text.xcconfig; name = "Pods-FoodtopiaTests.debug.xcconfig"; path = "Pods/Target Support Files/Pods-FoodtopiaTests/Pods-FoodtopiaTests.debug.xcconfig"; sourceTree = "<group>"; };
/* End PBXFileReference section */

/* Begin PBXFrameworksBuildPhase section */
		271D85B21F4EA1B80033C9BC /* Frameworks */ = {
			isa = PBXFrameworksBuildPhase;
			buildActionMask = 2147483647;
			files = (
				51CB748CA3CD10D10F394278 /* Pods_Foodtopia.framework in Frameworks */,
			);
			runOnlyForDeploymentPostprocessing = 0;
		};
		271D85C81F4EA1B80033C9BC /* Frameworks */ = {
			isa = PBXFrameworksBuildPhase;
			buildActionMask = 2147483647;
			files = (
				87DF82E8115252D7EFE80398 /* Pods_FoodtopiaTests.framework in Frameworks */,
			);
			runOnlyForDeploymentPostprocessing = 0;
		};
		271D85D31F4EA1B80033C9BC /* Frameworks */ = {
			isa = PBXFrameworksBuildPhase;
			buildActionMask = 2147483647;
			files = (
				A3C0A05EB18A9488F30B237C /* Pods_FoodtopiaUITests.framework in Frameworks */,
			);
			runOnlyForDeploymentPostprocessing = 0;
		};
/* End PBXFrameworksBuildPhase section */

/* Begin PBXGroup section */
		271D85AC1F4EA1B80033C9BC = {
			isa = PBXGroup;
			children = (
				271D85B71F4EA1B80033C9BC /* Foodtopia */,
				271D85CE1F4EA1B80033C9BC /* FoodtopiaTests */,
				271D85D91F4EA1B80033C9BC /* FoodtopiaUITests */,
				271D85B61F4EA1B80033C9BC /* Products */,
				BB9DE9CF1307272D9BF33977 /* Pods */,
				30B18217814F74FFF9D7FB93 /* Frameworks */,
			);
			sourceTree = "<group>";
		};
		271D85B61F4EA1B80033C9BC /* Products */ = {
			isa = PBXGroup;
			children = (
				271D85B51F4EA1B80033C9BC /* Foodtopia.app */,
				271D85CB1F4EA1B80033C9BC /* FoodtopiaTests.xctest */,
				271D85D61F4EA1B80033C9BC /* FoodtopiaUITests.xctest */,
			);
			name = Products;
			sourceTree = "<group>";
		};
		271D85B71F4EA1B80033C9BC /* Foodtopia */ = {
			isa = PBXGroup;
			children = (
				271D85EC1F4EAA7C0033C9BC /* Model */,
				271D85ED1F4EAA890033C9BC /* View */,
				271D85EA1F4EAA5F0033C9BC /* Controller */,
				271D85EB1F4EAA6F0033C9BC /* Extensions */,
				271D85B81F4EA1B80033C9BC /* AppDelegate.swift */,
				271D85BA1F4EA1B80033C9BC /* FirstViewController.swift */,
				271D85BC1F4EA1B80033C9BC /* SecondViewController.swift */,
				271D85BE1F4EA1B80033C9BC /* Main.storyboard */,
				271D85C11F4EA1B80033C9BC /* Assets.xcassets */,
				271D85C31F4EA1B80033C9BC /* LaunchScreen.storyboard */,
				271D85C61F4EA1B80033C9BC /* Info.plist */,
				27CE09DD1F53FEA100A06081 /* GoogleService-Info.plist */,
			);
			path = Foodtopia;
			sourceTree = "<group>";
		};
		271D85CE1F4EA1B80033C9BC /* FoodtopiaTests */ = {
			isa = PBXGroup;
			children = (
				271D85CF1F4EA1B80033C9BC /* FoodtopiaTests.swift */,
				271D85D11F4EA1B80033C9BC /* Info.plist */,
			);
			path = FoodtopiaTests;
			sourceTree = "<group>";
		};
		271D85D91F4EA1B80033C9BC /* FoodtopiaUITests */ = {
			isa = PBXGroup;
			children = (
				271D85DA1F4EA1B80033C9BC /* FoodtopiaUITests.swift */,
				271D85DC1F4EA1B80033C9BC /* Info.plist */,
			);
			path = FoodtopiaUITests;
			sourceTree = "<group>";
		};
		271D85EA1F4EAA5F0033C9BC /* Controller */ = {
			isa = PBXGroup;
			children = (
				271D85E81F4EAA3C0033C9BC /* HomePage.swift */,
			);
			name = Controller;
			sourceTree = "<group>";
		};
		271D85EB1F4EAA6F0033C9BC /* Extensions */ = {
			isa = PBXGroup;
			children = (
				271D85F01F4EABF80033C9BC /* Extension.swift */,
			);
			name = Extensions;
			sourceTree = "<group>";
		};
		271D85EC1F4EAA7C0033C9BC /* Model */ = {
			isa = PBXGroup;
			children = (
			);
			name = Model;
			sourceTree = "<group>";
		};
		271D85ED1F4EAA890033C9BC /* View */ = {
			isa = PBXGroup;
			children = (
				271D85EE1F4EAAAB0033C9BC /* HomePageCell.swift */,
			);
			name = View;
			sourceTree = "<group>";
		};
		30B18217814F74FFF9D7FB93 /* Frameworks */ = {
			isa = PBXGroup;
			children = (
				D9D1F5B2ECEAD1709C9BE60D /* Pods_Foodtopia.framework */,
				16FF08C31CA9E254A950CB2B /* Pods_FoodtopiaTests.framework */,
				3594110E41735AFDCAAE0825 /* Pods_FoodtopiaUITests.framework */,
			);
			name = Frameworks;
			sourceTree = "<group>";
		};
		BB9DE9CF1307272D9BF33977 /* Pods */ = {
			isa = PBXGroup;
			children = (
				8E32193CE83DB0B179D47A5C /* Pods-Foodtopia.debug.xcconfig */,
				DFA8592DE3EBDBA70A0CBDC3 /* Pods-Foodtopia.release.xcconfig */,
				FBF5C372BFBB32CA9D235210 /* Pods-FoodtopiaTests.debug.xcconfig */,
				7DF1F7BC6D2B1C3BC8503322 /* Pods-FoodtopiaTests.release.xcconfig */,
				DBBFED79B7F9AF01B8D83772 /* Pods-FoodtopiaUITests.debug.xcconfig */,
				EB487E10F006E21F8527FF33 /* Pods-FoodtopiaUITests.release.xcconfig */,
			);
			name = Pods;
			sourceTree = "<group>";
		};
/* End PBXGroup section */

/* Begin PBXNativeTarget section */
		271D85B41F4EA1B80033C9BC /* Foodtopia */ = {
			isa = PBXNativeTarget;
			buildConfigurationList = 271D85DF1F4EA1B80033C9BC /* Build configuration list for PBXNativeTarget "Foodtopia" */;
			buildPhases = (
				7FE967E5559FEFB68762ADC2 /* [CP] Check Pods Manifest.lock */,
				271D85B11F4EA1B80033C9BC /* Sources */,
				271D85B21F4EA1B80033C9BC /* Frameworks */,
				271D85B31F4EA1B80033C9BC /* Resources */,
				B5D8B8CFDC02D8D60BD1901C /* [CP] Embed Pods Frameworks */,
				ACB666C114BDB93D39235898 /* [CP] Copy Pods Resources */,
			);
			buildRules = (
			);
			dependencies = (
			);
			name = Foodtopia;
			productName = Foodtopia;
			productReference = 271D85B51F4EA1B80033C9BC /* Foodtopia.app */;
			productType = "com.apple.product-type.application";
		};
		271D85CA1F4EA1B80033C9BC /* FoodtopiaTests */ = {
			isa = PBXNativeTarget;
			buildConfigurationList = 271D85E21F4EA1B80033C9BC /* Build configuration list for PBXNativeTarget "FoodtopiaTests" */;
			buildPhases = (
				3DDA405CF963228219599F3F /* [CP] Check Pods Manifest.lock */,
				271D85C71F4EA1B80033C9BC /* Sources */,
				271D85C81F4EA1B80033C9BC /* Frameworks */,
				271D85C91F4EA1B80033C9BC /* Resources */,
				9C98D128FFC708AB3ED326C0 /* [CP] Embed Pods Frameworks */,
				D386AB84DA24A32A2F1D289C /* [CP] Copy Pods Resources */,
			);
			buildRules = (
			);
			dependencies = (
				271D85CD1F4EA1B80033C9BC /* PBXTargetDependency */,
			);
			name = FoodtopiaTests;
			productName = FoodtopiaTests;
			productReference = 271D85CB1F4EA1B80033C9BC /* FoodtopiaTests.xctest */;
			productType = "com.apple.product-type.bundle.unit-test";
		};
		271D85D51F4EA1B80033C9BC /* FoodtopiaUITests */ = {
			isa = PBXNativeTarget;
			buildConfigurationList = 271D85E51F4EA1B80033C9BC /* Build configuration list for PBXNativeTarget "FoodtopiaUITests" */;
			buildPhases = (
				24E65CDD93B231E064A51723 /* [CP] Check Pods Manifest.lock */,
				271D85D21F4EA1B80033C9BC /* Sources */,
				271D85D31F4EA1B80033C9BC /* Frameworks */,
				271D85D41F4EA1B80033C9BC /* Resources */,
				BA2CB2135D06B360630FB052 /* [CP] Embed Pods Frameworks */,
				5DE7C48906EAD98E2D5D968A /* [CP] Copy Pods Resources */,
			);
			buildRules = (
			);
			dependencies = (
				271D85D81F4EA1B80033C9BC /* PBXTargetDependency */,
			);
			name = FoodtopiaUITests;
			productName = FoodtopiaUITests;
			productReference = 271D85D61F4EA1B80033C9BC /* FoodtopiaUITests.xctest */;
			productType = "com.apple.product-type.bundle.ui-testing";
		};
/* End PBXNativeTarget section */

/* Begin PBXProject section */
		271D85AD1F4EA1B80033C9BC /* Project object */ = {
			isa = PBXProject;
			attributes = {
				LastSwiftUpdateCheck = 0830;
				LastUpgradeCheck = 0830;
				ORGANIZATIONNAME = SomeName;
				TargetAttributes = {
					271D85B41F4EA1B80033C9BC = {
						CreatedOnToolsVersion = 8.3.3;
						DevelopmentTeam = Y2P5MGGQ9E;
						ProvisioningStyle = Automatic;
					};
					271D85CA1F4EA1B80033C9BC = {
						CreatedOnToolsVersion = 8.3.3;
						ProvisioningStyle = Automatic;
						TestTargetID = 271D85B41F4EA1B80033C9BC;
					};
					271D85D51F4EA1B80033C9BC = {
						CreatedOnToolsVersion = 8.3.3;
						ProvisioningStyle = Automatic;
						TestTargetID = 271D85B41F4EA1B80033C9BC;
					};
				};
			};
			buildConfigurationList = 271D85B01F4EA1B80033C9BC /* Build configuration list for PBXProject "Foodtopia" */;
			compatibilityVersion = "Xcode 3.2";
			developmentRegion = English;
			hasScannedForEncodings = 0;
			knownRegions = (
				en,
				Base,
			);
			mainGroup = 271D85AC1F4EA1B80033C9BC;
			productRefGroup = 271D85B61F4EA1B80033C9BC /* Products */;
			projectDirPath = "";
			projectRoot = "";
			targets = (
				271D85B41F4EA1B80033C9BC /* Foodtopia */,
				271D85CA1F4EA1B80033C9BC /* FoodtopiaTests */,
				271D85D51F4EA1B80033C9BC /* FoodtopiaUITests */,
			);
		};
/* End PBXProject section */

/* Begin PBXResourcesBuildPhase section */
		271D85B31F4EA1B80033C9BC /* Resources */ = {
			isa = PBXResourcesBuildPhase;
			buildActionMask = 2147483647;
			files = (
				271D85C51F4EA1B80033C9BC /* LaunchScreen.storyboard in Resources */,
				27CE09DE1F53FEA100A06081 /* GoogleService-Info.plist in Resources */,
				271D85C21F4EA1B80033C9BC /* Assets.xcassets in Resources */,
				271D85C01F4EA1B80033C9BC /* Main.storyboard in Resources */,
			);
			runOnlyForDeploymentPostprocessing = 0;
		};
		271D85C91F4EA1B80033C9BC /* Resources */ = {
			isa = PBXResourcesBuildPhase;
			buildActionMask = 2147483647;
			files = (
			);
			runOnlyForDeploymentPostprocessing = 0;
		};
		271D85D41F4EA1B80033C9BC /* Resources */ = {
			isa = PBXResourcesBuildPhase;
			buildActionMask = 2147483647;
			files = (
			);
			runOnlyForDeploymentPostprocessing = 0;
		};
/* End PBXResourcesBuildPhase section */

/* Begin PBXShellScriptBuildPhase section */
		24E65CDD93B231E064A51723 /* [CP] Check Pods Manifest.lock */ = {
			isa = PBXShellScriptBuildPhase;
			buildActionMask = 2147483647;
			files = (
			);
			inputPaths = (
				"${PODS_PODFILE_DIR_PATH}/Podfile.lock",
				"${PODS_ROOT}/Manifest.lock",
			);
			name = "[CP] Check Pods Manifest.lock";
			outputPaths = (
				"$(DERIVED_FILE_DIR)/Pods-FoodtopiaUITests-checkManifestLockResult.txt",
			);
			runOnlyForDeploymentPostprocessing = 0;
			shellPath = /bin/sh;
			shellScript = "diff \"${PODS_PODFILE_DIR_PATH}/Podfile.lock\" \"${PODS_ROOT}/Manifest.lock\" > /dev/null\nif [ $? != 0 ] ; then\n    # print error to STDERR\n    echo \"error: The sandbox is not in sync with the Podfile.lock. Run 'pod install' or update your CocoaPods installation.\" >&2\n    exit 1\nfi\n# This output is used by Xcode 'outputs' to avoid re-running this script phase.\necho \"SUCCESS\" > \"${SCRIPT_OUTPUT_FILE_0}\"\n";
			showEnvVarsInLog = 0;
		};
		3DDA405CF963228219599F3F /* [CP] Check Pods Manifest.lock */ = {
			isa = PBXShellScriptBuildPhase;
			buildActionMask = 2147483647;
			files = (
			);
			inputPaths = (
				"${PODS_PODFILE_DIR_PATH}/Podfile.lock",
				"${PODS_ROOT}/Manifest.lock",
			);
			name = "[CP] Check Pods Manifest.lock";
			outputPaths = (
				"$(DERIVED_FILE_DIR)/Pods-FoodtopiaTests-checkManifestLockResult.txt",
			);
			runOnlyForDeploymentPostprocessing = 0;
			shellPath = /bin/sh;
			shellScript = "diff \"${PODS_PODFILE_DIR_PATH}/Podfile.lock\" \"${PODS_ROOT}/Manifest.lock\" > /dev/null\nif [ $? != 0 ] ; then\n    # print error to STDERR\n    echo \"error: The sandbox is not in sync with the Podfile.lock. Run 'pod install' or update your CocoaPods installation.\" >&2\n    exit 1\nfi\n# This output is used by Xcode 'outputs' to avoid re-running this script phase.\necho \"SUCCESS\" > \"${SCRIPT_OUTPUT_FILE_0}\"\n";
			showEnvVarsInLog = 0;
		};
		5DE7C48906EAD98E2D5D968A /* [CP] Copy Pods Resources */ = {
			isa = PBXShellScriptBuildPhase;
			buildActionMask = 2147483647;
			files = (
			);
			inputPaths = (
			);
			name = "[CP] Copy Pods Resources";
			outputPaths = (
			);
			runOnlyForDeploymentPostprocessing = 0;
			shellPath = /bin/sh;
			shellScript = "\"${SRCROOT}/Pods/Target Support Files/Pods-FoodtopiaUITests/Pods-FoodtopiaUITests-resources.sh\"\n";
			showEnvVarsInLog = 0;
		};
		7FE967E5559FEFB68762ADC2 /* [CP] Check Pods Manifest.lock */ = {
			isa = PBXShellScriptBuildPhase;
			buildActionMask = 2147483647;
			files = (
			);
			inputPaths = (
				"${PODS_PODFILE_DIR_PATH}/Podfile.lock",
				"${PODS_ROOT}/Manifest.lock",
			);
			name = "[CP] Check Pods Manifest.lock";
			outputPaths = (
				"$(DERIVED_FILE_DIR)/Pods-Foodtopia-checkManifestLockResult.txt",
			);
			runOnlyForDeploymentPostprocessing = 0;
			shellPath = /bin/sh;
			shellScript = "diff \"${PODS_PODFILE_DIR_PATH}/Podfile.lock\" \"${PODS_ROOT}/Manifest.lock\" > /dev/null\nif [ $? != 0 ] ; then\n    # print error to STDERR\n    echo \"error: The sandbox is not in sync with the Podfile.lock. Run 'pod install' or update your CocoaPods installation.\" >&2\n    exit 1\nfi\n# This output is used by Xcode 'outputs' to avoid re-running this script phase.\necho \"SUCCESS\" > \"${SCRIPT_OUTPUT_FILE_0}\"\n";
			showEnvVarsInLog = 0;
		};
		9C98D128FFC708AB3ED326C0 /* [CP] Embed Pods Frameworks */ = {
			isa = PBXShellScriptBuildPhase;
			buildActionMask = 2147483647;
			files = (
			);
			inputPaths = (
			);
			name = "[CP] Embed Pods Frameworks";
			outputPaths = (
			);
			runOnlyForDeploymentPostprocessing = 0;
			shellPath = /bin/sh;
			shellScript = "\"${SRCROOT}/Pods/Target Support Files/Pods-FoodtopiaTests/Pods-FoodtopiaTests-frameworks.sh\"\n";
			showEnvVarsInLog = 0;
		};
		ACB666C114BDB93D39235898 /* [CP] Copy Pods Resources */ = {
			isa = PBXShellScriptBuildPhase;
			buildActionMask = 2147483647;
			files = (
			);
			inputPaths = (
			);
			name = "[CP] Copy Pods Resources";
			outputPaths = (
			);
			runOnlyForDeploymentPostprocessing = 0;
			shellPath = /bin/sh;
			shellScript = "\"${SRCROOT}/Pods/Target Support Files/Pods-Foodtopia/Pods-Foodtopia-resources.sh\"\n";
			showEnvVarsInLog = 0;
		};
		B5D8B8CFDC02D8D60BD1901C /* [CP] Embed Pods Frameworks */ = {
			isa = PBXShellScriptBuildPhase;
			buildActionMask = 2147483647;
			files = (
			);
			inputPaths = (
				"${SRCROOT}/Pods/Target Support Files/Pods-Foodtopia/Pods-Foodtopia-frameworks.sh",
				"${BUILT_PRODUCTS_DIR}/GoogleToolboxForMac/GoogleToolboxForMac.framework",
				"${BUILT_PRODUCTS_DIR}/nanopb/nanopb.framework",
			);
			name = "[CP] Embed Pods Frameworks";
			outputPaths = (
				"${TARGET_BUILD_DIR}/${FRAMEWORKS_FOLDER_PATH}/GoogleToolboxForMac.framework",
				"${TARGET_BUILD_DIR}/${FRAMEWORKS_FOLDER_PATH}/nanopb.framework",
			);
			runOnlyForDeploymentPostprocessing = 0;
			shellPath = /bin/sh;
			shellScript = "\"${SRCROOT}/Pods/Target Support Files/Pods-Foodtopia/Pods-Foodtopia-frameworks.sh\"\n";
			showEnvVarsInLog = 0;
		};
		BA2CB2135D06B360630FB052 /* [CP] Embed Pods Frameworks */ = {
			isa = PBXShellScriptBuildPhase;
			buildActionMask = 2147483647;
			files = (
			);
			inputPaths = (
			);
			name = "[CP] Embed Pods Frameworks";
			outputPaths = (
			);
			runOnlyForDeploymentPostprocessing = 0;
			shellPath = /bin/sh;
			shellScript = "\"${SRCROOT}/Pods/Target Support Files/Pods-FoodtopiaUITests/Pods-FoodtopiaUITests-frameworks.sh\"\n";
			showEnvVarsInLog = 0;
		};
		D386AB84DA24A32A2F1D289C /* [CP] Copy Pods Resources */ = {
			isa = PBXShellScriptBuildPhase;
			buildActionMask = 2147483647;
			files = (
			);
			inputPaths = (
			);
			name = "[CP] Copy Pods Resources";
			outputPaths = (
			);
			runOnlyForDeploymentPostprocessing = 0;
			shellPath = /bin/sh;
			shellScript = "\"${SRCROOT}/Pods/Target Support Files/Pods-FoodtopiaTests/Pods-FoodtopiaTests-resources.sh\"\n";
			showEnvVarsInLog = 0;
		};
/* End PBXShellScriptBuildPhase section */

/* Begin PBXSourcesBuildPhase section */
		271D85B11F4EA1B80033C9BC /* Sources */ = {
			isa = PBXSourcesBuildPhase;
			buildActionMask = 2147483647;
			files = (
				271D85BD1F4EA1B80033C9BC /* SecondViewController.swift in Sources */,
				271D85B91F4EA1B80033C9BC /* AppDelegate.swift in Sources */,
				271D85BB1F4EA1B80033C9BC /* FirstViewController.swift in Sources */,
				271D85F11F4EABF80033C9BC /* Extension.swift in Sources */,
				271D85EF1F4EAAAB0033C9BC /* HomePageCell.swift in Sources */,
				271D85E91F4EAA3C0033C9BC /* HomePage.swift in Sources */,
			);
			runOnlyForDeploymentPostprocessing = 0;
		};
		271D85C71F4EA1B80033C9BC /* Sources */ = {
			isa = PBXSourcesBuildPhase;
			buildActionMask = 2147483647;
			files = (
				271D85D01F4EA1B80033C9BC /* FoodtopiaTests.swift in Sources */,
			);
			runOnlyForDeploymentPostprocessing = 0;
		};
		271D85D21F4EA1B80033C9BC /* Sources */ = {
			isa = PBXSourcesBuildPhase;
			buildActionMask = 2147483647;
			files = (
				271D85DB1F4EA1B80033C9BC /* FoodtopiaUITests.swift in Sources */,
			);
			runOnlyForDeploymentPostprocessing = 0;
		};
/* End PBXSourcesBuildPhase section */

/* Begin PBXTargetDependency section */
		271D85CD1F4EA1B80033C9BC /* PBXTargetDependency */ = {
			isa = PBXTargetDependency;
			target = 271D85B41F4EA1B80033C9BC /* Foodtopia */;
			targetProxy = 271D85CC1F4EA1B80033C9BC /* PBXContainerItemProxy */;
		};
		271D85D81F4EA1B80033C9BC /* PBXTargetDependency */ = {
			isa = PBXTargetDependency;
			target = 271D85B41F4EA1B80033C9BC /* Foodtopia */;
			targetProxy = 271D85D71F4EA1B80033C9BC /* PBXContainerItemProxy */;
		};
/* End PBXTargetDependency section */

/* Begin PBXVariantGroup section */
		271D85BE1F4EA1B80033C9BC /* Main.storyboard */ = {
			isa = PBXVariantGroup;
			children = (
				271D85BF1F4EA1B80033C9BC /* Base */,
			);
			name = Main.storyboard;
			sourceTree = "<group>";
		};
		271D85C31F4EA1B80033C9BC /* LaunchScreen.storyboard */ = {
			isa = PBXVariantGroup;
			children = (
				271D85C41F4EA1B80033C9BC /* Base */,
			);
			name = LaunchScreen.storyboard;
			sourceTree = "<group>";
		};
/* End PBXVariantGroup section */

/* Begin XCBuildConfiguration section */
		271D85DD1F4EA1B80033C9BC /* Debug */ = {
			isa = XCBuildConfiguration;
			buildSettings = {
				ALWAYS_SEARCH_USER_PATHS = NO;
				CLANG_ANALYZER_NONNULL = YES;
				CLANG_ANALYZER_NUMBER_OBJECT_CONVERSION = YES_AGGRESSIVE;
				CLANG_CXX_LANGUAGE_STANDARD = "gnu++0x";
				CLANG_CXX_LIBRARY = "libc++";
				CLANG_ENABLE_MODULES = YES;
				CLANG_ENABLE_OBJC_ARC = YES;
				CLANG_WARN_BOOL_CONVERSION = YES;
				CLANG_WARN_CONSTANT_CONVERSION = YES;
				CLANG_WARN_DIRECT_OBJC_ISA_USAGE = YES_ERROR;
				CLANG_WARN_DOCUMENTATION_COMMENTS = YES;
				CLANG_WARN_EMPTY_BODY = YES;
				CLANG_WARN_ENUM_CONVERSION = YES;
				CLANG_WARN_INFINITE_RECURSION = YES;
				CLANG_WARN_INT_CONVERSION = YES;
				CLANG_WARN_OBJC_ROOT_CLASS = YES_ERROR;
				CLANG_WARN_SUSPICIOUS_MOVE = YES;
				CLANG_WARN_UNREACHABLE_CODE = YES;
				CLANG_WARN__DUPLICATE_METHOD_MATCH = YES;
				"CODE_SIGN_IDENTITY[sdk=iphoneos*]" = "iPhone Developer";
				COPY_PHASE_STRIP = NO;
				DEBUG_INFORMATION_FORMAT = dwarf;
				ENABLE_STRICT_OBJC_MSGSEND = YES;
				ENABLE_TESTABILITY = YES;
				GCC_C_LANGUAGE_STANDARD = gnu99;
				GCC_DYNAMIC_NO_PIC = NO;
				GCC_NO_COMMON_BLOCKS = YES;
				GCC_OPTIMIZATION_LEVEL = 0;
				GCC_PREPROCESSOR_DEFINITIONS = (
					"DEBUG=1",
					"$(inherited)",
				);
				GCC_WARN_64_TO_32_BIT_CONVERSION = YES;
				GCC_WARN_ABOUT_RETURN_TYPE = YES_ERROR;
				GCC_WARN_UNDECLARED_SELECTOR = YES;
				GCC_WARN_UNINITIALIZED_AUTOS = YES_AGGRESSIVE;
				GCC_WARN_UNUSED_FUNCTION = YES;
				GCC_WARN_UNUSED_VARIABLE = YES;
				IPHONEOS_DEPLOYMENT_TARGET = 10.3;
				MTL_ENABLE_DEBUG_INFO = YES;
				ONLY_ACTIVE_ARCH = YES;
				SDKROOT = iphoneos;
				SWIFT_ACTIVE_COMPILATION_CONDITIONS = DEBUG;
				SWIFT_OPTIMIZATION_LEVEL = "-Onone";
				TARGETED_DEVICE_FAMILY = "1,2";
			};
			name = Debug;
		};
		271D85DE1F4EA1B80033C9BC /* Release */ = {
			isa = XCBuildConfiguration;
			buildSettings = {
				ALWAYS_SEARCH_USER_PATHS = NO;
				CLANG_ANALYZER_NONNULL = YES;
				CLANG_ANALYZER_NUMBER_OBJECT_CONVERSION = YES_AGGRESSIVE;
				CLANG_CXX_LANGUAGE_STANDARD = "gnu++0x";
				CLANG_CXX_LIBRARY = "libc++";
				CLANG_ENABLE_MODULES = YES;
				CLANG_ENABLE_OBJC_ARC = YES;
				CLANG_WARN_BOOL_CONVERSION = YES;
				CLANG_WARN_CONSTANT_CONVERSION = YES;
				CLANG_WARN_DIRECT_OBJC_ISA_USAGE = YES_ERROR;
				CLANG_WARN_DOCUMENTATION_COMMENTS = YES;
				CLANG_WARN_EMPTY_BODY = YES;
				CLANG_WARN_ENUM_CONVERSION = YES;
				CLANG_WARN_INFINITE_RECURSION = YES;
				CLANG_WARN_INT_CONVERSION = YES;
				CLANG_WARN_OBJC_ROOT_CLASS = YES_ERROR;
				CLANG_WARN_SUSPICIOUS_MOVE = YES;
				CLANG_WARN_UNREACHABLE_CODE = YES;
				CLANG_WARN__DUPLICATE_METHOD_MATCH = YES;
				"CODE_SIGN_IDENTITY[sdk=iphoneos*]" = "iPhone Developer";
				COPY_PHASE_STRIP = NO;
				DEBUG_INFORMATION_FORMAT = "dwarf-with-dsym";
				ENABLE_NS_ASSERTIONS = NO;
				ENABLE_STRICT_OBJC_MSGSEND = YES;
				GCC_C_LANGUAGE_STANDARD = gnu99;
				GCC_NO_COMMON_BLOCKS = YES;
				GCC_WARN_64_TO_32_BIT_CONVERSION = YES;
				GCC_WARN_ABOUT_RETURN_TYPE = YES_ERROR;
				GCC_WARN_UNDECLARED_SELECTOR = YES;
				GCC_WARN_UNINITIALIZED_AUTOS = YES_AGGRESSIVE;
				GCC_WARN_UNUSED_FUNCTION = YES;
				GCC_WARN_UNUSED_VARIABLE = YES;
				IPHONEOS_DEPLOYMENT_TARGET = 10.3;
				MTL_ENABLE_DEBUG_INFO = NO;
				SDKROOT = iphoneos;
				SWIFT_OPTIMIZATION_LEVEL = "-Owholemodule";
				TARGETED_DEVICE_FAMILY = "1,2";
				VALIDATE_PRODUCT = YES;
			};
			name = Release;
		};
		271D85E01F4EA1B80033C9BC /* Debug */ = {
			isa = XCBuildConfiguration;
			baseConfigurationReference = 8E32193CE83DB0B179D47A5C /* Pods-Foodtopia.debug.xcconfig */;
			buildSettings = {
				ASSETCATALOG_COMPILER_APPICON_NAME = AppIcon;
				DEVELOPMENT_TEAM = Y2P5MGGQ9E;
				INFOPLIST_FILE = Foodtopia/Info.plist;
				LD_RUNPATH_SEARCH_PATHS = "$(inherited) @executable_path/Frameworks";
				PRODUCT_BUNDLE_IDENTIFIER = Somebody.Foodtopia;
				PRODUCT_NAME = "$(TARGET_NAME)";
				SWIFT_VERSION = 3.0;
			};
			name = Debug;
		};
		271D85E11F4EA1B80033C9BC /* Release */ = {
			isa = XCBuildConfiguration;
			baseConfigurationReference = DFA8592DE3EBDBA70A0CBDC3 /* Pods-Foodtopia.release.xcconfig */;
			buildSettings = {
				ASSETCATALOG_COMPILER_APPICON_NAME = AppIcon;
				DEVELOPMENT_TEAM = Y2P5MGGQ9E;
				INFOPLIST_FILE = Foodtopia/Info.plist;
				LD_RUNPATH_SEARCH_PATHS = "$(inherited) @executable_path/Frameworks";
				PRODUCT_BUNDLE_IDENTIFIER = Somebody.Foodtopia;
				PRODUCT_NAME = "$(TARGET_NAME)";
				SWIFT_VERSION = 3.0;
			};
			name = Release;
		};
		271D85E31F4EA1B80033C9BC /* Debug */ = {
			isa = XCBuildConfiguration;
			baseConfigurationReference = FBF5C372BFBB32CA9D235210 /* Pods-FoodtopiaTests.debug.xcconfig */;
			buildSettings = {
				ALWAYS_EMBED_SWIFT_STANDARD_LIBRARIES = YES;
				BUNDLE_LOADER = "$(TEST_HOST)";
				INFOPLIST_FILE = FoodtopiaTests/Info.plist;
				LD_RUNPATH_SEARCH_PATHS = "$(inherited) @executable_path/Frameworks @loader_path/Frameworks";
				PRODUCT_BUNDLE_IDENTIFIER = Somebody.FoodtopiaTests;
				PRODUCT_NAME = "$(TARGET_NAME)";
				SWIFT_VERSION = 3.0;
				TEST_HOST = "$(BUILT_PRODUCTS_DIR)/Foodtopia.app/Foodtopia";
			};
			name = Debug;
		};
		271D85E41F4EA1B80033C9BC /* Release */ = {
			isa = XCBuildConfiguration;
			baseConfigurationReference = 7DF1F7BC6D2B1C3BC8503322 /* Pods-FoodtopiaTests.release.xcconfig */;
			buildSettings = {
				ALWAYS_EMBED_SWIFT_STANDARD_LIBRARIES = YES;
				BUNDLE_LOADER = "$(TEST_HOST)";
				INFOPLIST_FILE = FoodtopiaTests/Info.plist;
				LD_RUNPATH_SEARCH_PATHS = "$(inherited) @executable_path/Frameworks @loader_path/Frameworks";
				PRODUCT_BUNDLE_IDENTIFIER = Somebody.FoodtopiaTests;
				PRODUCT_NAME = "$(TARGET_NAME)";
				SWIFT_VERSION = 3.0;
				TEST_HOST = "$(BUILT_PRODUCTS_DIR)/Foodtopia.app/Foodtopia";
			};
			name = Release;
		};
		271D85E61F4EA1B80033C9BC /* Debug */ = {
			isa = XCBuildConfiguration;
			baseConfigurationReference = DBBFED79B7F9AF01B8D83772 /* Pods-FoodtopiaUITests.debug.xcconfig */;
			buildSettings = {
				ALWAYS_EMBED_SWIFT_STANDARD_LIBRARIES = YES;
				INFOPLIST_FILE = FoodtopiaUITests/Info.plist;
				LD_RUNPATH_SEARCH_PATHS = "$(inherited) @executable_path/Frameworks @loader_path/Frameworks";
				PRODUCT_BUNDLE_IDENTIFIER = Somebody.FoodtopiaUITests;
				PRODUCT_NAME = "$(TARGET_NAME)";
				SWIFT_VERSION = 3.0;
				TEST_TARGET_NAME = Foodtopia;
			};
			name = Debug;
		};
		271D85E71F4EA1B80033C9BC /* Release */ = {
			isa = XCBuildConfiguration;
			baseConfigurationReference = EB487E10F006E21F8527FF33 /* Pods-FoodtopiaUITests.release.xcconfig */;
			buildSettings = {
				ALWAYS_EMBED_SWIFT_STANDARD_LIBRARIES = YES;
				INFOPLIST_FILE = FoodtopiaUITests/Info.plist;
				LD_RUNPATH_SEARCH_PATHS = "$(inherited) @executable_path/Frameworks @loader_path/Frameworks";
				PRODUCT_BUNDLE_IDENTIFIER = Somebody.FoodtopiaUITests;
				PRODUCT_NAME = "$(TARGET_NAME)";
				SWIFT_VERSION = 3.0;
				TEST_TARGET_NAME = Foodtopia;
			};
			name = Release;
		};
/* End XCBuildConfiguration section */

/* Begin XCConfigurationList section */
		271D85B01F4EA1B80033C9BC /* Build configuration list for PBXProject "Foodtopia" */ = {
			isa = XCConfigurationList;
			buildConfigurations = (
				271D85DD1F4EA1B80033C9BC /* Debug */,
				271D85DE1F4EA1B80033C9BC /* Release */,
			);
			defaultConfigurationIsVisible = 0;
			defaultConfigurationName = Release;
		};
		271D85DF1F4EA1B80033C9BC /* Build configuration list for PBXNativeTarget "Foodtopia" */ = {
			isa = XCConfigurationList;
			buildConfigurations = (
				271D85E01F4EA1B80033C9BC /* Debug */,
				271D85E11F4EA1B80033C9BC /* Release */,
			);
			defaultConfigurationIsVisible = 0;
			defaultConfigurationName = Release;
		};
		271D85E21F4EA1B80033C9BC /* Build configuration list for PBXNativeTarget "FoodtopiaTests" */ = {
			isa = XCConfigurationList;
			buildConfigurations = (
				271D85E31F4EA1B80033C9BC /* Debug */,
				271D85E41F4EA1B80033C9BC /* Release */,
			);
			defaultConfigurationIsVisible = 0;
			defaultConfigurationName = Release;
		};
		271D85E51F4EA1B80033C9BC /* Build configuration list for PBXNativeTarget "FoodtopiaUITests" */ = {
			isa = XCConfigurationList;
			buildConfigurations = (
				271D85E61F4EA1B80033C9BC /* Debug */,
				271D85E71F4EA1B80033C9BC /* Release */,
			);
			defaultConfigurationIsVisible = 0;
			defaultConfigurationName = Release;
		};
/* End XCConfigurationList section */
	};
	rootObject = 271D85AD1F4EA1B80033C9BC /* Project object */;
}
